
Microsoft Visual Studio Solution File, Format Version 12.00
# Visual Studio Version 17
VisualStudioVersion = 17.7.34031.279
MinimumVisualStudioVersion = 10.0.40219.1
Project("{FAE04EC0-301F-11D3-BF4B-00C04F79EFBC}") = "KMeans_Image_Clustering", "KMeans_Image_Clustering\KMeans_Image_Clustering.csproj", "{6C8CA3D9-69E5-4B7A-8771-9DE91127B515}"
EndProject
Global
	GlobalSection(SolutionConfigurationPlatforms) = preSolution
		Debug|Any CPU = Debug|Any CPU
		Release|Any CPU = Release|Any CPU
	EndGlobalSection
	GlobalSection(ProjectConfigurationPlatforms) = postSolution
		{6C8CA3D9-69E5-4B7A-8771-9DE91127B515}.Debug|Any CPU.ActiveCfg = Debug|Any CPU
		{6C8CA3D9-69E5-4B7A-8771-9DE91127B515}.Debug|Any CPU.Build.0 = Debug|Any CPU
		{6C8CA3D9-69E5-4B7A-8771-9DE91127B515}.Release|Any CPU.ActiveCfg = Release|Any CPU
		{6C8CA3D9-69E5-4B7A-8771-9DE91127B515}.Release|Any CPU.Build.0 = Release|Any CPU
	EndGlobalSection
	GlobalSection(SolutionProperties) = preSolution
		HideSolutionNode = FALSE
	EndGlobalSection
	GlobalSection(ExtensibilityGlobals) = postSolution
		SolutionGuid = {89956526-B696-4AD4-A119-5C59A5144EAC}
	EndGlobalSection
EndGlobal
